
Microsoft Visual Studio Solution File, Format Version 12.00
# Visual Studio Version 16
VisualStudioVersion = 16.0.31129.286
MinimumVisualStudioVersion = 10.0.40219.1
Project("{FAE04EC0-301F-11D3-BF4B-00C04F79EFBC}") = "CompaniesWeb.Server", "CompaniesWeb\Server\CompaniesWeb.Server.csproj", "{37C5F002-9547-41E1-B2F0-6DC5628DFE32}"
EndProject
Project("{FAE04EC0-301F-11D3-BF4B-00C04F79EFBC}") = "CompaniesWeb.Client", "CompaniesWeb\Client\CompaniesWeb.Client.csproj", "{9FB89778-5515-44B1-A2DF-C6594D0FCCA9}"
EndProject
Project("{FAE04EC0-301F-11D3-BF4B-00C04F79EFBC}") = "CompaniesWeb.Shared", "CompaniesWeb\Shared\CompaniesWeb.Shared.csproj", "{F9B13992-D417-4DD5-B87F-18019B108991}"
EndProject
Global
	GlobalSection(SolutionConfigurationPlatforms) = preSolution
		Debug|Any CPU = Debug|Any CPU
		Release|Any CPU = Release|Any CPU
	EndGlobalSection
	GlobalSection(ProjectConfigurationPlatforms) = postSolution
		{37C5F002-9547-41E1-B2F0-6DC5628DFE32}.Debug|Any CPU.ActiveCfg = Debug|Any CPU
		{37C5F002-9547-41E1-B2F0-6DC5628DFE32}.Debug|Any CPU.Build.0 = Debug|Any CPU
		{37C5F002-9547-41E1-B2F0-6DC5628DFE32}.Release|Any CPU.ActiveCfg = Release|Any CPU
		{37C5F002-9547-41E1-B2F0-6DC5628DFE32}.Release|Any CPU.Build.0 = Release|Any CPU
		{9FB89778-5515-44B1-A2DF-C6594D0FCCA9}.Debug|Any CPU.ActiveCfg = Debug|Any CPU
		{9FB89778-5515-44B1-A2DF-C6594D0FCCA9}.Debug|Any CPU.Build.0 = Debug|Any CPU
		{9FB89778-5515-44B1-A2DF-C6594D0FCCA9}.Release|Any CPU.ActiveCfg = Release|Any CPU
		{9FB89778-5515-44B1-A2DF-C6594D0FCCA9}.Release|Any CPU.Build.0 = Release|Any CPU
		{F9B13992-D417-4DD5-B87F-18019B108991}.Debug|Any CPU.ActiveCfg = Debug|Any CPU
		{F9B13992-D417-4DD5-B87F-18019B108991}.Debug|Any CPU.Build.0 = Debug|Any CPU
		{F9B13992-D417-4DD5-B87F-18019B108991}.Release|Any CPU.ActiveCfg = Release|Any CPU
		{F9B13992-D417-4DD5-B87F-18019B108991}.Release|Any CPU.Build.0 = Release|Any CPU
	EndGlobalSection
	GlobalSection(SolutionProperties) = preSolution
		HideSolutionNode = FALSE
	EndGlobalSection
	GlobalSection(ExtensibilityGlobals) = postSolution
		SolutionGuid = {8B794F01-49C3-409D-AD30-46ADEFC1389D}
	EndGlobalSection
EndGlobal
