
Microsoft Visual Studio Solution File, Format Version 12.00
# Visual Studio Version 16
VisualStudioVersion = 16.0.31129.286
MinimumVisualStudioVersion = 10.0.40219.1
Project("{9A19103F-16F7-4668-BE54-9A1E7A4F7556}") = "CompaniesWebBlazor.Client", "CompaniesWebBlazor\Client\CompaniesWebBlazor.Client.csproj", "{67688D8F-B1F7-4C33-9014-301121C1D83F}"
EndProject
Project("{9A19103F-16F7-4668-BE54-9A1E7A4F7556}") = "CompaniesWebBlazor.Server", "CompaniesWebBlazor\Server\CompaniesWebBlazor.Server.csproj", "{1F9C0FC5-5364-40BC-B060-071779B3C6BE}"
EndProject
Project("{9A19103F-16F7-4668-BE54-9A1E7A4F7556}") = "CompaniesWebBlazor.Shared", "CompaniesWebBlazor\Shared\CompaniesWebBlazor.Shared.csproj", "{9581A73A-008D-401B-898A-DACB0EA08509}"
EndProject
Global
	GlobalSection(SolutionConfigurationPlatforms) = preSolution
		Debug|Any CPU = Debug|Any CPU
		Release|Any CPU = Release|Any CPU
	EndGlobalSection
	GlobalSection(ProjectConfigurationPlatforms) = postSolution
		{67688D8F-B1F7-4C33-9014-301121C1D83F}.Debug|Any CPU.ActiveCfg = Debug|Any CPU
		{67688D8F-B1F7-4C33-9014-301121C1D83F}.Debug|Any CPU.Build.0 = Debug|Any CPU
		{67688D8F-B1F7-4C33-9014-301121C1D83F}.Release|Any CPU.ActiveCfg = Release|Any CPU
		{67688D8F-B1F7-4C33-9014-301121C1D83F}.Release|Any CPU.Build.0 = Release|Any CPU
		{1F9C0FC5-5364-40BC-B060-071779B3C6BE}.Debug|Any CPU.ActiveCfg = Debug|Any CPU
		{1F9C0FC5-5364-40BC-B060-071779B3C6BE}.Debug|Any CPU.Build.0 = Debug|Any CPU
		{1F9C0FC5-5364-40BC-B060-071779B3C6BE}.Release|Any CPU.ActiveCfg = Release|Any CPU
		{1F9C0FC5-5364-40BC-B060-071779B3C6BE}.Release|Any CPU.Build.0 = Release|Any CPU
		{9581A73A-008D-401B-898A-DACB0EA08509}.Debug|Any CPU.ActiveCfg = Debug|Any CPU
		{9581A73A-008D-401B-898A-DACB0EA08509}.Debug|Any CPU.Build.0 = Debug|Any CPU
		{9581A73A-008D-401B-898A-DACB0EA08509}.Release|Any CPU.ActiveCfg = Release|Any CPU
		{9581A73A-008D-401B-898A-DACB0EA08509}.Release|Any CPU.Build.0 = Release|Any CPU
	EndGlobalSection
	GlobalSection(SolutionProperties) = preSolution
		HideSolutionNode = FALSE
	EndGlobalSection
	GlobalSection(ExtensibilityGlobals) = postSolution
		SolutionGuid = {8B794F01-49C3-409D-AD30-46ADEFC1389D}
	EndGlobalSection
EndGlobal
