
Microsoft Visual Studio Solution File, Format Version 12.00
# Visual Studio Version 16
VisualStudioVersion = 16.0.31129.286
MinimumVisualStudioVersion = 10.0.40219.1
Project("{9A19103F-16F7-4668-BE54-9A1E7A4F7556}") = "CompaniesWebSvetle", "CompaniesWebSvetle\CompaniesWebSvetle.csproj", "{480CA325-AB2C-47CF-8C48-713316B43AC2}"
EndProject
Project("{FAE04EC0-301F-11D3-BF4B-00C04F79EFBC}") = "CompaniesDb", "CompaniesDb\CompaniesDb.csproj", "{F3FFFC82-4709-4B60-9C40-CEB3EA071142}"
EndProject
Project("{9A19103F-16F7-4668-BE54-9A1E7A4F7556}") = "CompaniesDbTests", "CompaniesDbTests\CompaniesDbTests.csproj", "{00C63D0A-0A48-4648-A38F-42BCA6B815BD}"
EndProject
Global
	GlobalSection(SolutionConfigurationPlatforms) = preSolution
		Debug|Any CPU = Debug|Any CPU
		Release|Any CPU = Release|Any CPU
	EndGlobalSection
	GlobalSection(ProjectConfigurationPlatforms) = postSolution
		{480CA325-AB2C-47CF-8C48-713316B43AC2}.Debug|Any CPU.ActiveCfg = Debug|Any CPU
		{480CA325-AB2C-47CF-8C48-713316B43AC2}.Debug|Any CPU.Build.0 = Debug|Any CPU
		{480CA325-AB2C-47CF-8C48-713316B43AC2}.Release|Any CPU.ActiveCfg = Release|Any CPU
		{480CA325-AB2C-47CF-8C48-713316B43AC2}.Release|Any CPU.Build.0 = Release|Any CPU
		{F3FFFC82-4709-4B60-9C40-CEB3EA071142}.Debug|Any CPU.ActiveCfg = Debug|Any CPU
		{F3FFFC82-4709-4B60-9C40-CEB3EA071142}.Debug|Any CPU.Build.0 = Debug|Any CPU
		{F3FFFC82-4709-4B60-9C40-CEB3EA071142}.Release|Any CPU.ActiveCfg = Release|Any CPU
		{F3FFFC82-4709-4B60-9C40-CEB3EA071142}.Release|Any CPU.Build.0 = Release|Any CPU
		{00C63D0A-0A48-4648-A38F-42BCA6B815BD}.Debug|Any CPU.ActiveCfg = Debug|Any CPU
		{00C63D0A-0A48-4648-A38F-42BCA6B815BD}.Debug|Any CPU.Build.0 = Debug|Any CPU
		{00C63D0A-0A48-4648-A38F-42BCA6B815BD}.Release|Any CPU.ActiveCfg = Release|Any CPU
		{00C63D0A-0A48-4648-A38F-42BCA6B815BD}.Release|Any CPU.Build.0 = Release|Any CPU
	EndGlobalSection
	GlobalSection(SolutionProperties) = preSolution
		HideSolutionNode = FALSE
	EndGlobalSection
	GlobalSection(ExtensibilityGlobals) = postSolution
		SolutionGuid = {807E9D35-9BEC-478D-9360-38533F485918}
	EndGlobalSection
EndGlobal
